{
    "name": "vshexa",
    "version": "0.1.2",
    "lockfileVersion": 2,
    "requires": true,
    "packages": {
        "": {
            "name": "vshexa",
            "version": "0.1.2",
            "license": "LGPL-2.1-or-later",
            "engines": {
                "vscode": "^1.25.0"
            }
        }
    }
}
